
Microsoft Visual Studio Solution File, Format Version 12.00
# Visual Studio Version 18
VisualStudioVersion = 18.6.11716.218
MinimumVisualStudioVersion = 10.0.40219.1
Project("{9A19103F-16F7-4668-BE54-9A1E7A4F7556}") = "Ergo.Pipelines", "src\Ergo.Pipelines\Ergo.Pipelines.csproj", "{24F3F7F0-DDDF-4B58-BAE8-D4F13ACBD83E}"
EndProject
Project("{9A19103F-16F7-4668-BE54-9A1E7A4F7556}") = "Ergo.Shared", "src\Ergo.Shared\Ergo.Shared.csproj", "{1CE7A182-3501-4B8F-8396-B25157E79CBE}"
EndProject
Project("{9A19103F-16F7-4668-BE54-9A1E7A4F7556}") = "Ergo.Lang.Unification", "src\Ergo.Language.Unification\Ergo.Lang.Unification.csproj", "{0E053DE8-28BB-4F53-B2FC-48D0F289165B}"
EndProject
Project("{9A19103F-16F7-4668-BE54-9A1E7A4F7556}") = "Ergo.Lang.AST", "src\Ergo.Language.AST\Ergo.Lang.AST.csproj", "{2A930744-E0C3-4AC8-9090-45EB4A72B986}"
EndProject
Project("{9A19103F-16F7-4668-BE54-9A1E7A4F7556}") = "Ergo.Lang.Parsing", "src\Ergo.Language.Parsing\Ergo.Lang.Parsing.csproj", "{B8ADE4FD-7F1E-4B44-99B5-B09259C11B8D}"
EndProject
Project("{9A19103F-16F7-4668-BE54-9A1E7A4F7556}") = "Ergo.Lang.Lexing", "src\Ergo.Language.Lexing\Ergo.Lang.Lexing.csproj", "{83F8CFC0-26A1-42FF-A234-2D5769F6011D}"
EndProject
Project("{9A19103F-16F7-4668-BE54-9A1E7A4F7556}") = "Ergo.IO", "src\Ergo.IO\Ergo.IO.csproj", "{2B990E89-A184-4734-9681-060223863FDB}"
EndProject
Project("{9A19103F-16F7-4668-BE54-9A1E7A4F7556}") = "Ergo.Tests.Unit", "tests\Ergo.Tests.Unit\Ergo.Tests.Unit.csproj", "{C0FCA2D2-77C3-4AD9-8889-99C40A4332C9}"
EndProject
Project("{2150E333-8FDC-42A3-9474-1A3956D46DE8}") = "Tests", "Tests", "{51A91153-749C-44CB-9176-6A30CD4A5ED0}"
EndProject
Project("{9A19103F-16F7-4668-BE54-9A1E7A4F7556}") = "Ergo.Tests.Performance", "tests\Ergo.Tests.Performance\Ergo.Tests.Performance.csproj", "{AE576780-3F8B-4235-BC19-CC0533687805}"
EndProject
Project("{2150E333-8FDC-42A3-9474-1A3956D46DE8}") = "Tools", "Tools", "{1E389ECD-CE15-44CD-AE79-EE1B89CF8B37}"
EndProject
Project("{2150E333-8FDC-42A3-9474-1A3956D46DE8}") = "Lang", "Lang", "{73FB3758-0A67-48AF-85E9-E8F678821B42}"
EndProject
Project("{2150E333-8FDC-42A3-9474-1A3956D46DE8}") = "Compiler", "Compiler", "{B73259B0-5B41-41D8-9E18-D965F0F6941B}"
EndProject
Project("{2150E333-8FDC-42A3-9474-1A3956D46DE8}") = "System", "System", "{7644F5EB-750A-4DFB-B8B6-E321F2D7EF07}"
EndProject
Project("{2150E333-8FDC-42A3-9474-1A3956D46DE8}") = "Architecture", "Architecture", "{7D4289CE-936B-4BCE-BFB5-82E991454498}"
	ProjectSection(SolutionItems) = preProject
		Architecture.md = Architecture.md
	EndProjectSection
EndProject
Project("{9A19103F-16F7-4668-BE54-9A1E7A4F7556}") = "Ergo.Tools.Fuzzer", "src\Ergo.Tools.Fuzzer\Ergo.Tools.Fuzzer.csproj", "{0C66875A-76A0-4FAB-8D4E-B1E134574032}"
EndProject
Project("{9A19103F-16F7-4668-BE54-9A1E7A4F7556}") = "Ergo.SDK.Fuzzing", "src\Ergo.SDK.Fuzzing\Ergo.SDK.Fuzzing.csproj", "{CF7A322E-8A89-4D7B-AEEA-33B1C233BDBC}"
EndProject
Project("{2150E333-8FDC-42A3-9474-1A3956D46DE8}") = "SDK", "SDK", "{B9ABFBB3-54BB-4494-B1A4-B1FA9C88BCDD}"
EndProject
Project("{9A19103F-16F7-4668-BE54-9A1E7A4F7556}") = "Ergo.Compiler.Analysis", "src\Ergo.Compiler.Analysis\Ergo.Compiler.Analysis.csproj", "{92519F43-C513-473C-B4AC-5EE789FFD102}"
EndProject
Project("{9A19103F-16F7-4668-BE54-9A1E7A4F7556}") = "Ergo.Libs.Prologue", "libs\prologue\Ergo.Libs.Prologue.csproj", "{EB2E6E3C-58EB-4828-B215-1E7F2A18A022}"
EndProject
Project("{2150E333-8FDC-42A3-9474-1A3956D46DE8}") = "Libs", "Libs", "{367F6C6A-9BC3-4D34-9F42-FA414E23FF8F}"
EndProject
Project("{9A19103F-16F7-4668-BE54-9A1E7A4F7556}") = "Ergo.Libs", "src\Ergo.Libs\Ergo.Libs.csproj", "{7AFE6120-7D8E-4FF2-89F0-FC75FD25778D}"
EndProject
Project("{9A19103F-16F7-4668-BE54-9A1E7A4F7556}") = "Ergo.Libs.Math", "libs\math\Ergo.Libs.Math.csproj", "{4C6AE9AA-BE99-4E01-98DB-3B55B674D9F6}"
EndProject
Project("{9A19103F-16F7-4668-BE54-9A1E7A4F7556}") = "Ergo.Compiler.Emission", "src\Ergo.Compiler.Emission\Ergo.Compiler.Emission.csproj", "{FEF72C9F-1F2F-49BE-8AEE-FCFFBCE7EAF0}"
EndProject
Project("{2150E333-8FDC-42A3-9474-1A3956D46DE8}") = ".files", ".files", "{134BE93D-2FCC-4C81-B77C-8D21AF78519C}"
	ProjectSection(SolutionItems) = preProject
		.gitignore = .gitignore
	EndProjectSection
EndProject
Project("{2150E333-8FDC-42A3-9474-1A3956D46DE8}") = "Runtime", "Runtime", "{9469F3FD-E6E7-4C11-BB39-C3E55B4A8CD0}"
EndProject
Project("{FAE04EC0-301F-11D3-BF4B-00C04F79EFBC}") = "Ergo.Runtime.WAM", "src\Ergo.Runtime.WAM\Ergo.Runtime.WAM.csproj", "{86F89588-FAE7-4AA7-A8AA-8645BCA9E879}"
EndProject
Project("{2150E333-8FDC-42A3-9474-1A3956D46DE8}") = ".Users", ".Users", "{FEC3C3E3-5C53-4F21-9B3C-306D04A87D1D}"
EndProject
Project("{FAE04EC0-301F-11D3-BF4B-00C04F79EFBC}") = "ErgoSoul", "..\ErgoSoul\ErgoSoul.csproj", "{A152EB40-8D8B-1240-C419-504C102EBE37}"
EndProject
Project("{FAE04EC0-301F-11D3-BF4B-00C04F79EFBC}") = "Ergo.Libs.List", "libs\list\Ergo.Libs.List.csproj", "{690DB16D-C61B-4593-9A12-606FC58F0022}"
EndProject
Project("{2150E333-8FDC-42A3-9474-1A3956D46DE8}") = "src", "src", "{827E0CD3-B72D-47B6-A68D-7590B98EB39B}"
EndProject
Project("{2150E333-8FDC-42A3-9474-1A3956D46DE8}") = "Ergo.Language.AST", "Ergo.Language.AST", "{89BDB9DB-A690-9B83-7CBC-CFB9145FDE6F}"
EndProject
Project("{FAE04EC0-301F-11D3-BF4B-00C04F79EFBC}") = "Ergo.Libs.IO", "libs\io\Ergo.Libs.IO.csproj", "{5F306C04-05DD-3979-0B67-60E39F58502E}"
EndProject
Project("{FAE04EC0-301F-11D3-BF4B-00C04F79EFBC}") = "Ergo.Libs.Stdlib", "libs\stdlib\Ergo.Libs.Stdlib.csproj", "{E747EEA4-E567-41B2-B0AB-697316845CE4}"
EndProject
Project("{FAE04EC0-301F-11D3-BF4B-00C04F79EFBC}") = "Ergo.Libs.Set", "libs\set\Ergo.Libs.Set.csproj", "{9B29E669-8527-4FBD-B5E6-46BC979CCC4A}"
EndProject
Project("{2150E333-8FDC-42A3-9474-1A3956D46DE8}") = "Ergo.Language.Parsing", "Ergo.Language.Parsing", "{8868A9F3-D90B-EBBC-CA51-E1A59A4C0BF0}"
EndProject
Project("{2150E333-8FDC-42A3-9474-1A3956D46DE8}") = "dict", "dict", "{0206DABF-8B03-1B07-7211-16FA45DAAFDB}"
EndProject
Project("{FAE04EC0-301F-11D3-BF4B-00C04F79EFBC}") = "Ergo.Libs.Dict", "libs\dict\Ergo.Libs.Dict.csproj", "{E97D8A08-4640-4A1C-9E08-8491B1E1A7A8}"
EndProject
Project("{2150E333-8FDC-42A3-9474-1A3956D46DE8}") = "set", "set", "{E9E4341D-E6A4-E4EE-F0C1-E61C5DE34789}"
EndProject
Project("{2150E333-8FDC-42A3-9474-1A3956D46DE8}") = "reflection", "reflection", "{D6395048-1B56-54D2-2019-46C6CF95D6D5}"
EndProject
Project("{FAE04EC0-301F-11D3-BF4B-00C04F79EFBC}") = "Ergo.Libs.Reflection", "libs\reflection\Ergo.Libs.Reflection.csproj", "{7BC1EFAC-A819-431B-9147-D9C9BBE5B106}"
EndProject
Project("{2150E333-8FDC-42A3-9474-1A3956D46DE8}") = "list", "list", "{EDE7600C-7950-C147-99C1-F250230E1BB1}"
EndProject
Global
	GlobalSection(SolutionConfigurationPlatforms) = preSolution
		Debug|Any CPU = Debug|Any CPU
		Debug|x64 = Debug|x64
		Debug|x86 = Debug|x86
		Release|Any CPU = Release|Any CPU
		Release|x64 = Release|x64
		Release|x86 = Release|x86
	EndGlobalSection
	GlobalSection(ProjectConfigurationPlatforms) = postSolution
		{24F3F7F0-DDDF-4B58-BAE8-D4F13ACBD83E}.Debug|Any CPU.ActiveCfg = Debug|Any CPU
		{24F3F7F0-DDDF-4B58-BAE8-D4F13ACBD83E}.Debug|Any CPU.Build.0 = Debug|Any CPU
		{24F3F7F0-DDDF-4B58-BAE8-D4F13ACBD83E}.Debug|x64.ActiveCfg = Debug|Any CPU
		{24F3F7F0-DDDF-4B58-BAE8-D4F13ACBD83E}.Debug|x64.Build.0 = Debug|Any CPU
		{24F3F7F0-DDDF-4B58-BAE8-D4F13ACBD83E}.Debug|x86.ActiveCfg = Debug|Any CPU
		{24F3F7F0-DDDF-4B58-BAE8-D4F13ACBD83E}.Debug|x86.Build.0 = Debug|Any CPU
		{24F3F7F0-DDDF-4B58-BAE8-D4F13ACBD83E}.Release|Any CPU.ActiveCfg = Release|Any CPU
		{24F3F7F0-DDDF-4B58-BAE8-D4F13ACBD83E}.Release|Any CPU.Build.0 = Release|Any CPU
		{24F3F7F0-DDDF-4B58-BAE8-D4F13ACBD83E}.Release|x64.ActiveCfg = Release|Any CPU
		{24F3F7F0-DDDF-4B58-BAE8-D4F13ACBD83E}.Release|x64.Build.0 = Release|Any CPU
		{24F3F7F0-DDDF-4B58-BAE8-D4F13ACBD83E}.Release|x86.ActiveCfg = Release|Any CPU
		{24F3F7F0-DDDF-4B58-BAE8-D4F13ACBD83E}.Release|x86.Build.0 = Release|Any CPU
		{1CE7A182-3501-4B8F-8396-B25157E79CBE}.Debug|Any CPU.ActiveCfg = Debug|Any CPU
		{1CE7A182-3501-4B8F-8396-B25157E79CBE}.Debug|Any CPU.Build.0 = Debug|Any CPU
		{1CE7A182-3501-4B8F-8396-B25157E79CBE}.Debug|x64.ActiveCfg = Debug|Any CPU
		{1CE7A182-3501-4B8F-8396-B25157E79CBE}.Debug|x64.Build.0 = Debug|Any CPU
		{1CE7A182-3501-4B8F-8396-B25157E79CBE}.Debug|x86.ActiveCfg = Debug|Any CPU
		{1CE7A182-3501-4B8F-8396-B25157E79CBE}.Debug|x86.Build.0 = Debug|Any CPU
		{1CE7A182-3501-4B8F-8396-B25157E79CBE}.Release|Any CPU.ActiveCfg = Release|Any CPU
		{1CE7A182-3501-4B8F-8396-B25157E79CBE}.Release|Any CPU.Build.0 = Release|Any CPU
		{1CE7A182-3501-4B8F-8396-B25157E79CBE}.Release|x64.ActiveCfg = Release|Any CPU
		{1CE7A182-3501-4B8F-8396-B25157E79CBE}.Release|x64.Build.0 = Release|Any CPU
		{1CE7A182-3501-4B8F-8396-B25157E79CBE}.Release|x86.ActiveCfg = Release|Any CPU
		{1CE7A182-3501-4B8F-8396-B25157E79CBE}.Release|x86.Build.0 = Release|Any CPU
		{0E053DE8-28BB-4F53-B2FC-48D0F289165B}.Debug|Any CPU.ActiveCfg = Debug|Any CPU
		{0E053DE8-28BB-4F53-B2FC-48D0F289165B}.Debug|Any CPU.Build.0 = Debug|Any CPU
		{0E053DE8-28BB-4F53-B2FC-48D0F289165B}.Debug|x64.ActiveCfg = Debug|Any CPU
		{0E053DE8-28BB-4F53-B2FC-48D0F289165B}.Debug|x64.Build.0 = Debug|Any CPU
		{0E053DE8-28BB-4F53-B2FC-48D0F289165B}.Debug|x86.ActiveCfg = Debug|Any CPU
		{0E053DE8-28BB-4F53-B2FC-48D0F289165B}.Debug|x86.Build.0 = Debug|Any CPU
		{0E053DE8-28BB-4F53-B2FC-48D0F289165B}.Release|Any CPU.ActiveCfg = Release|Any CPU
		{0E053DE8-28BB-4F53-B2FC-48D0F289165B}.Release|Any CPU.Build.0 = Release|Any CPU
		{0E053DE8-28BB-4F53-B2FC-48D0F289165B}.Release|x64.ActiveCfg = Release|Any CPU
		{0E053DE8-28BB-4F53-B2FC-48D0F289165B}.Release|x64.Build.0 = Release|Any CPU
		{0E053DE8-28BB-4F53-B2FC-48D0F289165B}.Release|x86.ActiveCfg = Release|Any CPU
		{0E053DE8-28BB-4F53-B2FC-48D0F289165B}.Release|x86.Build.0 = Release|Any CPU
		{2A930744-E0C3-4AC8-9090-45EB4A72B986}.Debug|Any CPU.ActiveCfg = Debug|Any CPU
		{2A930744-E0C3-4AC8-9090-45EB4A72B986}.Debug|Any CPU.Build.0 = Debug|Any CPU
		{2A930744-E0C3-4AC8-9090-45EB4A72B986}.Debug|x64.ActiveCfg = Debug|Any CPU
		{2A930744-E0C3-4AC8-9090-45EB4A72B986}.Debug|x64.Build.0 = Debug|Any CPU
		{2A930744-E0C3-4AC8-9090-45EB4A72B986}.Debug|x86.ActiveCfg = Debug|Any CPU
		{2A930744-E0C3-4AC8-9090-45EB4A72B986}.Debug|x86.Build.0 = Debug|Any CPU
		{2A930744-E0C3-4AC8-9090-45EB4A72B986}.Release|Any CPU.ActiveCfg = Release|Any CPU
		{2A930744-E0C3-4AC8-9090-45EB4A72B986}.Release|Any CPU.Build.0 = Release|Any CPU
		{2A930744-E0C3-4AC8-9090-45EB4A72B986}.Release|x64.ActiveCfg = Release|Any CPU
		{2A930744-E0C3-4AC8-9090-45EB4A72B986}.Release|x64.Build.0 = Release|Any CPU
		{2A930744-E0C3-4AC8-9090-45EB4A72B986}.Release|x86.ActiveCfg = Release|Any CPU
		{2A930744-E0C3-4AC8-9090-45EB4A72B986}.Release|x86.Build.0 = Release|Any CPU
		{B8ADE4FD-7F1E-4B44-99B5-B09259C11B8D}.Debug|Any CPU.ActiveCfg = Debug|Any CPU
		{B8ADE4FD-7F1E-4B44-99B5-B09259C11B8D}.Debug|Any CPU.Build.0 = Debug|Any CPU
		{B8ADE4FD-7F1E-4B44-99B5-B09259C11B8D}.Debug|x64.ActiveCfg = Debug|Any CPU
		{B8ADE4FD-7F1E-4B44-99B5-B09259C11B8D}.Debug|x64.Build.0 = Debug|Any CPU
		{B8ADE4FD-7F1E-4B44-99B5-B09259C11B8D}.Debug|x86.ActiveCfg = Debug|Any CPU
		{B8ADE4FD-7F1E-4B44-99B5-B09259C11B8D}.Debug|x86.Build.0 = Debug|Any CPU
		{B8ADE4FD-7F1E-4B44-99B5-B09259C11B8D}.Release|Any CPU.ActiveCfg = Release|Any CPU
		{B8ADE4FD-7F1E-4B44-99B5-B09259C11B8D}.Release|Any CPU.Build.0 = Release|Any CPU
		{B8ADE4FD-7F1E-4B44-99B5-B09259C11B8D}.Release|x64.ActiveCfg = Release|Any CPU
		{B8ADE4FD-7F1E-4B44-99B5-B09259C11B8D}.Release|x64.Build.0 = Release|Any CPU
		{B8ADE4FD-7F1E-4B44-99B5-B09259C11B8D}.Release|x86.ActiveCfg = Release|Any CPU
		{B8ADE4FD-7F1E-4B44-99B5-B09259C11B8D}.Release|x86.Build.0 = Release|Any CPU
		{83F8CFC0-26A1-42FF-A234-2D5769F6011D}.Debug|Any CPU.ActiveCfg = Debug|Any CPU
		{83F8CFC0-26A1-42FF-A234-2D5769F6011D}.Debug|Any CPU.Build.0 = Debug|Any CPU
		{83F8CFC0-26A1-42FF-A234-2D5769F6011D}.Debug|x64.ActiveCfg = Debug|Any CPU
		{83F8CFC0-26A1-42FF-A234-2D5769F6011D}.Debug|x64.Build.0 = Debug|Any CPU
		{83F8CFC0-26A1-42FF-A234-2D5769F6011D}.Debug|x86.ActiveCfg = Debug|Any CPU
		{83F8CFC0-26A1-42FF-A234-2D5769F6011D}.Debug|x86.Build.0 = Debug|Any CPU
		{83F8CFC0-26A1-42FF-A234-2D5769F6011D}.Release|Any CPU.ActiveCfg = Release|Any CPU
		{83F8CFC0-26A1-42FF-A234-2D5769F6011D}.Release|Any CPU.Build.0 = Release|Any CPU
		{83F8CFC0-26A1-42FF-A234-2D5769F6011D}.Release|x64.ActiveCfg = Release|Any CPU
		{83F8CFC0-26A1-42FF-A234-2D5769F6011D}.Release|x64.Build.0 = Release|Any CPU
		{83F8CFC0-26A1-42FF-A234-2D5769F6011D}.Release|x86.ActiveCfg = Release|Any CPU
		{83F8CFC0-26A1-42FF-A234-2D5769F6011D}.Release|x86.Build.0 = Release|Any CPU
		{2B990E89-A184-4734-9681-060223863FDB}.Debug|Any CPU.ActiveCfg = Debug|Any CPU
		{2B990E89-A184-4734-9681-060223863FDB}.Debug|Any CPU.Build.0 = Debug|Any CPU
		{2B990E89-A184-4734-9681-060223863FDB}.Debug|x64.ActiveCfg = Debug|Any CPU
		{2B990E89-A184-4734-9681-060223863FDB}.Debug|x64.Build.0 = Debug|Any CPU
		{2B990E89-A184-4734-9681-060223863FDB}.Debug|x86.ActiveCfg = Debug|Any CPU
		{2B990E89-A184-4734-9681-060223863FDB}.Debug|x86.Build.0 = Debug|Any CPU
		{2B990E89-A184-4734-9681-060223863FDB}.Release|Any CPU.ActiveCfg = Release|Any CPU
		{2B990E89-A184-4734-9681-060223863FDB}.Release|Any CPU.Build.0 = Release|Any CPU
		{2B990E89-A184-4734-9681-060223863FDB}.Release|x64.ActiveCfg = Release|Any CPU
		{2B990E89-A184-4734-9681-060223863FDB}.Release|x64.Build.0 = Release|Any CPU
		{2B990E89-A184-4734-9681-060223863FDB}.Release|x86.ActiveCfg = Release|Any CPU
		{2B990E89-A184-4734-9681-060223863FDB}.Release|x86.Build.0 = Release|Any CPU
		{C0FCA2D2-77C3-4AD9-8889-99C40A4332C9}.Debug|Any CPU.ActiveCfg = Debug|Any CPU
		{C0FCA2D2-77C3-4AD9-8889-99C40A4332C9}.Debug|Any CPU.Build.0 = Debug|Any CPU
		{C0FCA2D2-77C3-4AD9-8889-99C40A4332C9}.Debug|x64.ActiveCfg = Debug|Any CPU
		{C0FCA2D2-77C3-4AD9-8889-99C40A4332C9}.Debug|x64.Build.0 = Debug|Any CPU
		{C0FCA2D2-77C3-4AD9-8889-99C40A4332C9}.Debug|x86.ActiveCfg = Debug|Any CPU
		{C0FCA2D2-77C3-4AD9-8889-99C40A4332C9}.Debug|x86.Build.0 = Debug|Any CPU
		{C0FCA2D2-77C3-4AD9-8889-99C40A4332C9}.Release|Any CPU.ActiveCfg = Release|Any CPU
		{C0FCA2D2-77C3-4AD9-8889-99C40A4332C9}.Release|Any CPU.Build.0 = Release|Any CPU
		{C0FCA2D2-77C3-4AD9-8889-99C40A4332C9}.Release|x64.ActiveCfg = Release|Any CPU
		{C0FCA2D2-77C3-4AD9-8889-99C40A4332C9}.Release|x64.Build.0 = Release|Any CPU
		{C0FCA2D2-77C3-4AD9-8889-99C40A4332C9}.Release|x86.ActiveCfg = Release|Any CPU
		{C0FCA2D2-77C3-4AD9-8889-99C40A4332C9}.Release|x86.Build.0 = Release|Any CPU
		{AE576780-3F8B-4235-BC19-CC0533687805}.Debug|Any CPU.ActiveCfg = Debug|Any CPU
		{AE576780-3F8B-4235-BC19-CC0533687805}.Debug|Any CPU.Build.0 = Debug|Any CPU
		{AE576780-3F8B-4235-BC19-CC0533687805}.Debug|x64.ActiveCfg = Debug|Any CPU
		{AE576780-3F8B-4235-BC19-CC0533687805}.Debug|x64.Build.0 = Debug|Any CPU
		{AE576780-3F8B-4235-BC19-CC0533687805}.Debug|x86.ActiveCfg = Debug|Any CPU
		{AE576780-3F8B-4235-BC19-CC0533687805}.Debug|x86.Build.0 = Debug|Any CPU
		{AE576780-3F8B-4235-BC19-CC0533687805}.Release|Any CPU.ActiveCfg = Release|Any CPU
		{AE576780-3F8B-4235-BC19-CC0533687805}.Release|Any CPU.Build.0 = Release|Any CPU
		{AE576780-3F8B-4235-BC19-CC0533687805}.Release|x64.ActiveCfg = Release|Any CPU
		{AE576780-3F8B-4235-BC19-CC0533687805}.Release|x64.Build.0 = Release|Any CPU
		{AE576780-3F8B-4235-BC19-CC0533687805}.Release|x86.ActiveCfg = Release|Any CPU
		{AE576780-3F8B-4235-BC19-CC0533687805}.Release|x86.Build.0 = Release|Any CPU
		{0C66875A-76A0-4FAB-8D4E-B1E134574032}.Debug|Any CPU.ActiveCfg = Debug|Any CPU
		{0C66875A-76A0-4FAB-8D4E-B1E134574032}.Debug|Any CPU.Build.0 = Debug|Any CPU
		{0C66875A-76A0-4FAB-8D4E-B1E134574032}.Debug|x64.ActiveCfg = Debug|Any CPU
		{0C66875A-76A0-4FAB-8D4E-B1E134574032}.Debug|x64.Build.0 = Debug|Any CPU
		{0C66875A-76A0-4FAB-8D4E-B1E134574032}.Debug|x86.ActiveCfg = Debug|Any CPU
		{0C66875A-76A0-4FAB-8D4E-B1E134574032}.Debug|x86.Build.0 = Debug|Any CPU
		{0C66875A-76A0-4FAB-8D4E-B1E134574032}.Release|Any CPU.ActiveCfg = Release|Any CPU
		{0C66875A-76A0-4FAB-8D4E-B1E134574032}.Release|Any CPU.Build.0 = Release|Any CPU
		{0C66875A-76A0-4FAB-8D4E-B1E134574032}.Release|x64.ActiveCfg = Release|Any CPU
		{0C66875A-76A0-4FAB-8D4E-B1E134574032}.Release|x64.Build.0 = Release|Any CPU
		{0C66875A-76A0-4FAB-8D4E-B1E134574032}.Release|x86.ActiveCfg = Release|Any CPU
		{0C66875A-76A0-4FAB-8D4E-B1E134574032}.Release|x86.Build.0 = Release|Any CPU
		{CF7A322E-8A89-4D7B-AEEA-33B1C233BDBC}.Debug|Any CPU.ActiveCfg = Debug|Any CPU
		{CF7A322E-8A89-4D7B-AEEA-33B1C233BDBC}.Debug|Any CPU.Build.0 = Debug|Any CPU
		{CF7A322E-8A89-4D7B-AEEA-33B1C233BDBC}.Debug|x64.ActiveCfg = Debug|Any CPU
		{CF7A322E-8A89-4D7B-AEEA-33B1C233BDBC}.Debug|x64.Build.0 = Debug|Any CPU
		{CF7A322E-8A89-4D7B-AEEA-33B1C233BDBC}.Debug|x86.ActiveCfg = Debug|Any CPU
		{CF7A322E-8A89-4D7B-AEEA-33B1C233BDBC}.Debug|x86.Build.0 = Debug|Any CPU
		{CF7A322E-8A89-4D7B-AEEA-33B1C233BDBC}.Release|Any CPU.ActiveCfg = Release|Any CPU
		{CF7A322E-8A89-4D7B-AEEA-33B1C233BDBC}.Release|Any CPU.Build.0 = Release|Any CPU
		{CF7A322E-8A89-4D7B-AEEA-33B1C233BDBC}.Release|x64.ActiveCfg = Release|Any CPU
		{CF7A322E-8A89-4D7B-AEEA-33B1C233BDBC}.Release|x64.Build.0 = Release|Any CPU
		{CF7A322E-8A89-4D7B-AEEA-33B1C233BDBC}.Release|x86.ActiveCfg = Release|Any CPU
		{CF7A322E-8A89-4D7B-AEEA-33B1C233BDBC}.Release|x86.Build.0 = Release|Any CPU
		{92519F43-C513-473C-B4AC-5EE789FFD102}.Debug|Any CPU.ActiveCfg = Debug|Any CPU
		{92519F43-C513-473C-B4AC-5EE789FFD102}.Debug|Any CPU.Build.0 = Debug|Any CPU
		{92519F43-C513-473C-B4AC-5EE789FFD102}.Debug|x64.ActiveCfg = Debug|Any CPU
		{92519F43-C513-473C-B4AC-5EE789FFD102}.Debug|x64.Build.0 = Debug|Any CPU
		{92519F43-C513-473C-B4AC-5EE789FFD102}.Debug|x86.ActiveCfg = Debug|Any CPU
		{92519F43-C513-473C-B4AC-5EE789FFD102}.Debug|x86.Build.0 = Debug|Any CPU
		{92519F43-C513-473C-B4AC-5EE789FFD102}.Release|Any CPU.ActiveCfg = Release|Any CPU
		{92519F43-C513-473C-B4AC-5EE789FFD102}.Release|Any CPU.Build.0 = Release|Any CPU
		{92519F43-C513-473C-B4AC-5EE789FFD102}.Release|x64.ActiveCfg = Release|Any CPU
		{92519F43-C513-473C-B4AC-5EE789FFD102}.Release|x64.Build.0 = Release|Any CPU
		{92519F43-C513-473C-B4AC-5EE789FFD102}.Release|x86.ActiveCfg = Release|Any CPU
		{92519F43-C513-473C-B4AC-5EE789FFD102}.Release|x86.Build.0 = Release|Any CPU
		{EB2E6E3C-58EB-4828-B215-1E7F2A18A022}.Debug|Any CPU.ActiveCfg = Debug|Any CPU
		{EB2E6E3C-58EB-4828-B215-1E7F2A18A022}.Debug|Any CPU.Build.0 = Debug|Any CPU
		{EB2E6E3C-58EB-4828-B215-1E7F2A18A022}.Debug|x64.ActiveCfg = Debug|Any CPU
		{EB2E6E3C-58EB-4828-B215-1E7F2A18A022}.Debug|x64.Build.0 = Debug|Any CPU
		{EB2E6E3C-58EB-4828-B215-1E7F2A18A022}.Debug|x86.ActiveCfg = Debug|Any CPU
		{EB2E6E3C-58EB-4828-B215-1E7F2A18A022}.Debug|x86.Build.0 = Debug|Any CPU
		{EB2E6E3C-58EB-4828-B215-1E7F2A18A022}.Release|Any CPU.ActiveCfg = Release|Any CPU
		{EB2E6E3C-58EB-4828-B215-1E7F2A18A022}.Release|Any CPU.Build.0 = Release|Any CPU
		{EB2E6E3C-58EB-4828-B215-1E7F2A18A022}.Release|x64.ActiveCfg = Release|Any CPU
		{EB2E6E3C-58EB-4828-B215-1E7F2A18A022}.Release|x64.Build.0 = Release|Any CPU
		{EB2E6E3C-58EB-4828-B215-1E7F2A18A022}.Release|x86.ActiveCfg = Release|Any CPU
		{EB2E6E3C-58EB-4828-B215-1E7F2A18A022}.Release|x86.Build.0 = Release|Any CPU
		{7AFE6120-7D8E-4FF2-89F0-FC75FD25778D}.Debug|Any CPU.ActiveCfg = Debug|Any CPU
		{7AFE6120-7D8E-4FF2-89F0-FC75FD25778D}.Debug|Any CPU.Build.0 = Debug|Any CPU
		{7AFE6120-7D8E-4FF2-89F0-FC75FD25778D}.Debug|x64.ActiveCfg = Debug|Any CPU
		{7AFE6120-7D8E-4FF2-89F0-FC75FD25778D}.Debug|x64.Build.0 = Debug|Any CPU
		{7AFE6120-7D8E-4FF2-89F0-FC75FD25778D}.Debug|x86.ActiveCfg = Debug|Any CPU
		{7AFE6120-7D8E-4FF2-89F0-FC75FD25778D}.Debug|x86.Build.0 = Debug|Any CPU
		{7AFE6120-7D8E-4FF2-89F0-FC75FD25778D}.Release|Any CPU.ActiveCfg = Release|Any CPU
		{7AFE6120-7D8E-4FF2-89F0-FC75FD25778D}.Release|Any CPU.Build.0 = Release|Any CPU
		{7AFE6120-7D8E-4FF2-89F0-FC75FD25778D}.Release|x64.ActiveCfg = Release|Any CPU
		{7AFE6120-7D8E-4FF2-89F0-FC75FD25778D}.Release|x64.Build.0 = Release|Any CPU
		{7AFE6120-7D8E-4FF2-89F0-FC75FD25778D}.Release|x86.ActiveCfg = Release|Any CPU
		{7AFE6120-7D8E-4FF2-89F0-FC75FD25778D}.Release|x86.Build.0 = Release|Any CPU
		{4C6AE9AA-BE99-4E01-98DB-3B55B674D9F6}.Debug|Any CPU.ActiveCfg = Debug|Any CPU
		{4C6AE9AA-BE99-4E01-98DB-3B55B674D9F6}.Debug|Any CPU.Build.0 = Debug|Any CPU
		{4C6AE9AA-BE99-4E01-98DB-3B55B674D9F6}.Debug|x64.ActiveCfg = Debug|Any CPU
		{4C6AE9AA-BE99-4E01-98DB-3B55B674D9F6}.Debug|x64.Build.0 = Debug|Any CPU
		{4C6AE9AA-BE99-4E01-98DB-3B55B674D9F6}.Debug|x86.ActiveCfg = Debug|Any CPU
		{4C6AE9AA-BE99-4E01-98DB-3B55B674D9F6}.Debug|x86.Build.0 = Debug|Any CPU
		{4C6AE9AA-BE99-4E01-98DB-3B55B674D9F6}.Release|Any CPU.ActiveCfg = Release|Any CPU
		{4C6AE9AA-BE99-4E01-98DB-3B55B674D9F6}.Release|Any CPU.Build.0 = Release|Any CPU
		{4C6AE9AA-BE99-4E01-98DB-3B55B674D9F6}.Release|x64.ActiveCfg = Release|Any CPU
		{4C6AE9AA-BE99-4E01-98DB-3B55B674D9F6}.Release|x64.Build.0 = Release|Any CPU
		{4C6AE9AA-BE99-4E01-98DB-3B55B674D9F6}.Release|x86.ActiveCfg = Release|Any CPU
		{4C6AE9AA-BE99-4E01-98DB-3B55B674D9F6}.Release|x86.Build.0 = Release|Any CPU
		{FEF72C9F-1F2F-49BE-8AEE-FCFFBCE7EAF0}.Debug|Any CPU.ActiveCfg = Debug|Any CPU
		{FEF72C9F-1F2F-49BE-8AEE-FCFFBCE7EAF0}.Debug|Any CPU.Build.0 = Debug|Any CPU
		{FEF72C9F-1F2F-49BE-8AEE-FCFFBCE7EAF0}.Debug|x64.ActiveCfg = Debug|Any CPU
		{FEF72C9F-1F2F-49BE-8AEE-FCFFBCE7EAF0}.Debug|x64.Build.0 = Debug|Any CPU
		{FEF72C9F-1F2F-49BE-8AEE-FCFFBCE7EAF0}.Debug|x86.ActiveCfg = Debug|Any CPU
		{FEF72C9F-1F2F-49BE-8AEE-FCFFBCE7EAF0}.Debug|x86.Build.0 = Debug|Any CPU
		{FEF72C9F-1F2F-49BE-8AEE-FCFFBCE7EAF0}.Release|Any CPU.ActiveCfg = Release|Any CPU
		{FEF72C9F-1F2F-49BE-8AEE-FCFFBCE7EAF0}.Release|Any CPU.Build.0 = Release|Any CPU
		{FEF72C9F-1F2F-49BE-8AEE-FCFFBCE7EAF0}.Release|x64.ActiveCfg = Release|Any CPU
		{FEF72C9F-1F2F-49BE-8AEE-FCFFBCE7EAF0}.Release|x64.Build.0 = Release|Any CPU
		{FEF72C9F-1F2F-49BE-8AEE-FCFFBCE7EAF0}.Release|x86.ActiveCfg = Release|Any CPU
		{FEF72C9F-1F2F-49BE-8AEE-FCFFBCE7EAF0}.Release|x86.Build.0 = Release|Any CPU
		{86F89588-FAE7-4AA7-A8AA-8645BCA9E879}.Debug|Any CPU.ActiveCfg = Debug|Any CPU
		{86F89588-FAE7-4AA7-A8AA-8645BCA9E879}.Debug|Any CPU.Build.0 = Debug|Any CPU
		{86F89588-FAE7-4AA7-A8AA-8645BCA9E879}.Debug|x64.ActiveCfg = Debug|Any CPU
		{86F89588-FAE7-4AA7-A8AA-8645BCA9E879}.Debug|x64.Build.0 = Debug|Any CPU
		{86F89588-FAE7-4AA7-A8AA-8645BCA9E879}.Debug|x86.ActiveCfg = Debug|Any CPU
		{86F89588-FAE7-4AA7-A8AA-8645BCA9E879}.Debug|x86.Build.0 = Debug|Any CPU
		{86F89588-FAE7-4AA7-A8AA-8645BCA9E879}.Release|Any CPU.ActiveCfg = Release|Any CPU
		{86F89588-FAE7-4AA7-A8AA-8645BCA9E879}.Release|Any CPU.Build.0 = Release|Any CPU
		{86F89588-FAE7-4AA7-A8AA-8645BCA9E879}.Release|x64.ActiveCfg = Release|Any CPU
		{86F89588-FAE7-4AA7-A8AA-8645BCA9E879}.Release|x64.Build.0 = Release|Any CPU
		{86F89588-FAE7-4AA7-A8AA-8645BCA9E879}.Release|x86.ActiveCfg = Release|Any CPU
		{86F89588-FAE7-4AA7-A8AA-8645BCA9E879}.Release|x86.Build.0 = Release|Any CPU
		{A152EB40-8D8B-1240-C419-504C102EBE37}.Debug|Any CPU.ActiveCfg = Debug|Any CPU
		{A152EB40-8D8B-1240-C419-504C102EBE37}.Debug|Any CPU.Build.0 = Debug|Any CPU
		{A152EB40-8D8B-1240-C419-504C102EBE37}.Debug|x64.ActiveCfg = Debug|Any CPU
		{A152EB40-8D8B-1240-C419-504C102EBE37}.Debug|x64.Build.0 = Debug|Any CPU
		{A152EB40-8D8B-1240-C419-504C102EBE37}.Debug|x86.ActiveCfg = Debug|Any CPU
		{A152EB40-8D8B-1240-C419-504C102EBE37}.Debug|x86.Build.0 = Debug|Any CPU
		{A152EB40-8D8B-1240-C419-504C102EBE37}.Release|Any CPU.ActiveCfg = Release|Any CPU
		{A152EB40-8D8B-1240-C419-504C102EBE37}.Release|Any CPU.Build.0 = Release|Any CPU
		{A152EB40-8D8B-1240-C419-504C102EBE37}.Release|x64.ActiveCfg = Release|Any CPU
		{A152EB40-8D8B-1240-C419-504C102EBE37}.Release|x64.Build.0 = Release|Any CPU
		{A152EB40-8D8B-1240-C419-504C102EBE37}.Release|x86.ActiveCfg = Release|Any CPU
		{A152EB40-8D8B-1240-C419-504C102EBE37}.Release|x86.Build.0 = Release|Any CPU
		{690DB16D-C61B-4593-9A12-606FC58F0022}.Debug|Any CPU.ActiveCfg = Debug|Any CPU
		{690DB16D-C61B-4593-9A12-606FC58F0022}.Debug|Any CPU.Build.0 = Debug|Any CPU
		{690DB16D-C61B-4593-9A12-606FC58F0022}.Debug|x64.ActiveCfg = Debug|Any CPU
		{690DB16D-C61B-4593-9A12-606FC58F0022}.Debug|x64.Build.0 = Debug|Any CPU
		{690DB16D-C61B-4593-9A12-606FC58F0022}.Debug|x86.ActiveCfg = Debug|Any CPU
		{690DB16D-C61B-4593-9A12-606FC58F0022}.Debug|x86.Build.0 = Debug|Any CPU
		{690DB16D-C61B-4593-9A12-606FC58F0022}.Release|Any CPU.ActiveCfg = Release|Any CPU
		{690DB16D-C61B-4593-9A12-606FC58F0022}.Release|Any CPU.Build.0 = Release|Any CPU
		{690DB16D-C61B-4593-9A12-606FC58F0022}.Release|x64.ActiveCfg = Release|Any CPU
		{690DB16D-C61B-4593-9A12-606FC58F0022}.Release|x64.Build.0 = Release|Any CPU
		{690DB16D-C61B-4593-9A12-606FC58F0022}.Release|x86.ActiveCfg = Release|Any CPU
		{690DB16D-C61B-4593-9A12-606FC58F0022}.Release|x86.Build.0 = Release|Any CPU
		{5F306C04-05DD-3979-0B67-60E39F58502E}.Debug|Any CPU.ActiveCfg = Debug|Any CPU
		{5F306C04-05DD-3979-0B67-60E39F58502E}.Debug|Any CPU.Build.0 = Debug|Any CPU
		{5F306C04-05DD-3979-0B67-60E39F58502E}.Debug|x64.ActiveCfg = Debug|Any CPU
		{5F306C04-05DD-3979-0B67-60E39F58502E}.Debug|x64.Build.0 = Debug|Any CPU
		{5F306C04-05DD-3979-0B67-60E39F58502E}.Debug|x86.ActiveCfg = Debug|Any CPU
		{5F306C04-05DD-3979-0B67-60E39F58502E}.Debug|x86.Build.0 = Debug|Any CPU
		{5F306C04-05DD-3979-0B67-60E39F58502E}.Release|Any CPU.ActiveCfg = Release|Any CPU
		{5F306C04-05DD-3979-0B67-60E39F58502E}.Release|Any CPU.Build.0 = Release|Any CPU
		{5F306C04-05DD-3979-0B67-60E39F58502E}.Release|x64.ActiveCfg = Release|Any CPU
		{5F306C04-05DD-3979-0B67-60E39F58502E}.Release|x64.Build.0 = Release|Any CPU
		{5F306C04-05DD-3979-0B67-60E39F58502E}.Release|x86.ActiveCfg = Release|Any CPU
		{5F306C04-05DD-3979-0B67-60E39F58502E}.Release|x86.Build.0 = Release|Any CPU
		{E747EEA4-E567-41B2-B0AB-697316845CE4}.Debug|Any CPU.ActiveCfg = Debug|Any CPU
		{E747EEA4-E567-41B2-B0AB-697316845CE4}.Debug|Any CPU.Build.0 = Debug|Any CPU
		{E747EEA4-E567-41B2-B0AB-697316845CE4}.Debug|x64.ActiveCfg = Debug|Any CPU
		{E747EEA4-E567-41B2-B0AB-697316845CE4}.Debug|x64.Build.0 = Debug|Any CPU
		{E747EEA4-E567-41B2-B0AB-697316845CE4}.Debug|x86.ActiveCfg = Debug|Any CPU
		{E747EEA4-E567-41B2-B0AB-697316845CE4}.Debug|x86.Build.0 = Debug|Any CPU
		{E747EEA4-E567-41B2-B0AB-697316845CE4}.Release|Any CPU.ActiveCfg = Release|Any CPU
		{E747EEA4-E567-41B2-B0AB-697316845CE4}.Release|Any CPU.Build.0 = Release|Any CPU
		{E747EEA4-E567-41B2-B0AB-697316845CE4}.Release|x64.ActiveCfg = Release|Any CPU
		{E747EEA4-E567-41B2-B0AB-697316845CE4}.Release|x64.Build.0 = Release|Any CPU
		{E747EEA4-E567-41B2-B0AB-697316845CE4}.Release|x86.ActiveCfg = Release|Any CPU
		{E747EEA4-E567-41B2-B0AB-697316845CE4}.Release|x86.Build.0 = Release|Any CPU
		{9B29E669-8527-4FBD-B5E6-46BC979CCC4A}.Debug|Any CPU.ActiveCfg = Debug|Any CPU
		{9B29E669-8527-4FBD-B5E6-46BC979CCC4A}.Debug|Any CPU.Build.0 = Debug|Any CPU
		{9B29E669-8527-4FBD-B5E6-46BC979CCC4A}.Debug|x64.ActiveCfg = Debug|Any CPU
		{9B29E669-8527-4FBD-B5E6-46BC979CCC4A}.Debug|x64.Build.0 = Debug|Any CPU
		{9B29E669-8527-4FBD-B5E6-46BC979CCC4A}.Debug|x86.ActiveCfg = Debug|Any CPU
		{9B29E669-8527-4FBD-B5E6-46BC979CCC4A}.Debug|x86.Build.0 = Debug|Any CPU
		{9B29E669-8527-4FBD-B5E6-46BC979CCC4A}.Release|Any CPU.ActiveCfg = Release|Any CPU
		{9B29E669-8527-4FBD-B5E6-46BC979CCC4A}.Release|Any CPU.Build.0 = Release|Any CPU
		{9B29E669-8527-4FBD-B5E6-46BC979CCC4A}.Release|x64.ActiveCfg = Release|Any CPU
		{9B29E669-8527-4FBD-B5E6-46BC979CCC4A}.Release|x64.Build.0 = Release|Any CPU
		{9B29E669-8527-4FBD-B5E6-46BC979CCC4A}.Release|x86.ActiveCfg = Release|Any CPU
		{9B29E669-8527-4FBD-B5E6-46BC979CCC4A}.Release|x86.Build.0 = Release|Any CPU
		{E97D8A08-4640-4A1C-9E08-8491B1E1A7A8}.Debug|Any CPU.ActiveCfg = Debug|Any CPU
		{E97D8A08-4640-4A1C-9E08-8491B1E1A7A8}.Debug|Any CPU.Build.0 = Debug|Any CPU
		{E97D8A08-4640-4A1C-9E08-8491B1E1A7A8}.Debug|x64.ActiveCfg = Debug|Any CPU
		{E97D8A08-4640-4A1C-9E08-8491B1E1A7A8}.Debug|x64.Build.0 = Debug|Any CPU
		{E97D8A08-4640-4A1C-9E08-8491B1E1A7A8}.Debug|x86.ActiveCfg = Debug|Any CPU
		{E97D8A08-4640-4A1C-9E08-8491B1E1A7A8}.Debug|x86.Build.0 = Debug|Any CPU
		{E97D8A08-4640-4A1C-9E08-8491B1E1A7A8}.Release|Any CPU.ActiveCfg = Release|Any CPU
		{E97D8A08-4640-4A1C-9E08-8491B1E1A7A8}.Release|Any CPU.Build.0 = Release|Any CPU
		{E97D8A08-4640-4A1C-9E08-8491B1E1A7A8}.Release|x64.ActiveCfg = Release|Any CPU
		{E97D8A08-4640-4A1C-9E08-8491B1E1A7A8}.Release|x64.Build.0 = Release|Any CPU
		{E97D8A08-4640-4A1C-9E08-8491B1E1A7A8}.Release|x86.ActiveCfg = Release|Any CPU
		{E97D8A08-4640-4A1C-9E08-8491B1E1A7A8}.Release|x86.Build.0 = Release|Any CPU
		{7BC1EFAC-A819-431B-9147-D9C9BBE5B106}.Debug|Any CPU.ActiveCfg = Debug|Any CPU
		{7BC1EFAC-A819-431B-9147-D9C9BBE5B106}.Debug|Any CPU.Build.0 = Debug|Any CPU
		{7BC1EFAC-A819-431B-9147-D9C9BBE5B106}.Debug|x64.ActiveCfg = Debug|Any CPU
		{7BC1EFAC-A819-431B-9147-D9C9BBE5B106}.Debug|x64.Build.0 = Debug|Any CPU
		{7BC1EFAC-A819-431B-9147-D9C9BBE5B106}.Debug|x86.ActiveCfg = Debug|Any CPU
		{7BC1EFAC-A819-431B-9147-D9C9BBE5B106}.Debug|x86.Build.0 = Debug|Any CPU
		{7BC1EFAC-A819-431B-9147-D9C9BBE5B106}.Release|Any CPU.ActiveCfg = Release|Any CPU
		{7BC1EFAC-A819-431B-9147-D9C9BBE5B106}.Release|Any CPU.Build.0 = Release|Any CPU
		{7BC1EFAC-A819-431B-9147-D9C9BBE5B106}.Release|x64.ActiveCfg = Release|Any CPU
		{7BC1EFAC-A819-431B-9147-D9C9BBE5B106}.Release|x64.Build.0 = Release|Any CPU
		{7BC1EFAC-A819-431B-9147-D9C9BBE5B106}.Release|x86.ActiveCfg = Release|Any CPU
		{7BC1EFAC-A819-431B-9147-D9C9BBE5B106}.Release|x86.Build.0 = Release|Any CPU
	EndGlobalSection
	GlobalSection(SolutionProperties) = preSolution
		HideSolutionNode = FALSE
	EndGlobalSection
	GlobalSection(NestedProjects) = preSolution
		{24F3F7F0-DDDF-4B58-BAE8-D4F13ACBD83E} = {7D4289CE-936B-4BCE-BFB5-82E991454498}
		{1CE7A182-3501-4B8F-8396-B25157E79CBE} = {7D4289CE-936B-4BCE-BFB5-82E991454498}
		{0E053DE8-28BB-4F53-B2FC-48D0F289165B} = {73FB3758-0A67-48AF-85E9-E8F678821B42}
		{2A930744-E0C3-4AC8-9090-45EB4A72B986} = {73FB3758-0A67-48AF-85E9-E8F678821B42}
		{B8ADE4FD-7F1E-4B44-99B5-B09259C11B8D} = {73FB3758-0A67-48AF-85E9-E8F678821B42}
		{83F8CFC0-26A1-42FF-A234-2D5769F6011D} = {73FB3758-0A67-48AF-85E9-E8F678821B42}
		{2B990E89-A184-4734-9681-060223863FDB} = {7644F5EB-750A-4DFB-B8B6-E321F2D7EF07}
		{C0FCA2D2-77C3-4AD9-8889-99C40A4332C9} = {51A91153-749C-44CB-9176-6A30CD4A5ED0}
		{AE576780-3F8B-4235-BC19-CC0533687805} = {51A91153-749C-44CB-9176-6A30CD4A5ED0}
		{0C66875A-76A0-4FAB-8D4E-B1E134574032} = {1E389ECD-CE15-44CD-AE79-EE1B89CF8B37}
		{CF7A322E-8A89-4D7B-AEEA-33B1C233BDBC} = {B9ABFBB3-54BB-4494-B1A4-B1FA9C88BCDD}
		{B9ABFBB3-54BB-4494-B1A4-B1FA9C88BCDD} = {1E389ECD-CE15-44CD-AE79-EE1B89CF8B37}
		{92519F43-C513-473C-B4AC-5EE789FFD102} = {B73259B0-5B41-41D8-9E18-D965F0F6941B}
		{EB2E6E3C-58EB-4828-B215-1E7F2A18A022} = {367F6C6A-9BC3-4D34-9F42-FA414E23FF8F}
		{7AFE6120-7D8E-4FF2-89F0-FC75FD25778D} = {367F6C6A-9BC3-4D34-9F42-FA414E23FF8F}
		{4C6AE9AA-BE99-4E01-98DB-3B55B674D9F6} = {367F6C6A-9BC3-4D34-9F42-FA414E23FF8F}
		{FEF72C9F-1F2F-49BE-8AEE-FCFFBCE7EAF0} = {B73259B0-5B41-41D8-9E18-D965F0F6941B}
		{86F89588-FAE7-4AA7-A8AA-8645BCA9E879} = {9469F3FD-E6E7-4C11-BB39-C3E55B4A8CD0}
		{A152EB40-8D8B-1240-C419-504C102EBE37} = {FEC3C3E3-5C53-4F21-9B3C-306D04A87D1D}
		{690DB16D-C61B-4593-9A12-606FC58F0022} = {367F6C6A-9BC3-4D34-9F42-FA414E23FF8F}
		{89BDB9DB-A690-9B83-7CBC-CFB9145FDE6F} = {827E0CD3-B72D-47B6-A68D-7590B98EB39B}
		{5F306C04-05DD-3979-0B67-60E39F58502E} = {367F6C6A-9BC3-4D34-9F42-FA414E23FF8F}
		{E747EEA4-E567-41B2-B0AB-697316845CE4} = {367F6C6A-9BC3-4D34-9F42-FA414E23FF8F}
		{9B29E669-8527-4FBD-B5E6-46BC979CCC4A} = {367F6C6A-9BC3-4D34-9F42-FA414E23FF8F}
		{8868A9F3-D90B-EBBC-CA51-E1A59A4C0BF0} = {827E0CD3-B72D-47B6-A68D-7590B98EB39B}
		{0206DABF-8B03-1B07-7211-16FA45DAAFDB} = {367F6C6A-9BC3-4D34-9F42-FA414E23FF8F}
		{E97D8A08-4640-4A1C-9E08-8491B1E1A7A8} = {0206DABF-8B03-1B07-7211-16FA45DAAFDB}
		{E9E4341D-E6A4-E4EE-F0C1-E61C5DE34789} = {367F6C6A-9BC3-4D34-9F42-FA414E23FF8F}
		{D6395048-1B56-54D2-2019-46C6CF95D6D5} = {367F6C6A-9BC3-4D34-9F42-FA414E23FF8F}
		{7BC1EFAC-A819-431B-9147-D9C9BBE5B106} = {D6395048-1B56-54D2-2019-46C6CF95D6D5}
		{EDE7600C-7950-C147-99C1-F250230E1BB1} = {367F6C6A-9BC3-4D34-9F42-FA414E23FF8F}
	EndGlobalSection
	GlobalSection(ExtensibilityGlobals) = postSolution
		SolutionGuid = {82C140C7-AB55-434B-995A-50A1C8EA747A}
	EndGlobalSection
EndGlobal
